
Microsoft Visual Studio Solution File, Format Version 12.00
# Visual Studio Version 17
VisualStudioVersion = 17.1.32328.378
MinimumVisualStudioVersion = 10.0.40219.1
Project("{9A19103F-16F7-4668-BE54-9A1E7A4F7556}") = "HL7_Parser", "HL7_Parser.csproj", "{1495497D-56ED-4439-8BD9-4013C50CBAD7}"
EndProject
Project("{9A19103F-16F7-4668-BE54-9A1E7A4F7556}") = "HL7_ParserTests", "CloudFunctionsTest\HL7_ParserTests.csproj", "{7FFB2198-D8FA-4A70-A4E4-184A2374809B}"
EndProject
Global
	GlobalSection(SolutionConfigurationPlatforms) = preSolution
		Debug|Any CPU = Debug|Any CPU
		Release|Any CPU = Release|Any CPU
	EndGlobalSection
	GlobalSection(ProjectConfigurationPlatforms) = postSolution
		{1495497D-56ED-4439-8BD9-4013C50CBAD7}.Debug|Any CPU.ActiveCfg = Debug|Any CPU
		{1495497D-56ED-4439-8BD9-4013C50CBAD7}.Debug|Any CPU.Build.0 = Debug|Any CPU
		{1495497D-56ED-4439-8BD9-4013C50CBAD7}.Release|Any CPU.ActiveCfg = Release|Any CPU
		{1495497D-56ED-4439-8BD9-4013C50CBAD7}.Release|Any CPU.Build.0 = Release|Any CPU
		{7FFB2198-D8FA-4A70-A4E4-184A2374809B}.Debug|Any CPU.ActiveCfg = Debug|Any CPU
		{7FFB2198-D8FA-4A70-A4E4-184A2374809B}.Debug|Any CPU.Build.0 = Debug|Any CPU
		{7FFB2198-D8FA-4A70-A4E4-184A2374809B}.Release|Any CPU.ActiveCfg = Release|Any CPU
		{7FFB2198-D8FA-4A70-A4E4-184A2374809B}.Release|Any CPU.Build.0 = Release|Any CPU
	EndGlobalSection
	GlobalSection(SolutionProperties) = preSolution
		HideSolutionNode = FALSE
	EndGlobalSection
	GlobalSection(ExtensibilityGlobals) = postSolution
		SolutionGuid = {B24F40D1-8DC4-4601-AFBA-7FD417D90BBF}
	EndGlobalSection
EndGlobal
